{
  "name": "tree-sitter-curios",
  "version": "0.1.0",
  "lockfileVersion": 3,
  "requires": true,
  "packages": {
    "": {
      "name": "tree-sitter-curios",
      "version": "0.1.0",
      "license": "Apache-2.0",
      "devDependencies": {
        "tree-sitter-cli": "0.26.13"
      }
    },
    "node_modules/tree-sitter-cli": {
      "version": "0.26.13",
      "resolved": "https://registry.npmjs.org/tree-sitter-cli/-/tree-sitter-cli-0.26.13.tgz",
      "integrity": "sha512-SIC74lxT2jsygxaIGGb50Bpf8jtll24aXju98Y3eJienBTXCRQ+5k3YigwN31pASEUZKcKh98EPSZWky7ugUMA==",
      "dev": true,
      "hasInstallScript": true,
      "license": "MIT",
      "bin": {
        "tree-sitter": "cli.js"
      },
      "engines": {
        "node": ">=12.0.0"
      }
    }
  }
}
